// !$*UTF8*$!
{
	archiveVersion = 1;
	classes = {};
	objectVersion = 56;
	objects = {

/* Begin PBXBuildFile section */
		AA0000000000000000000001 /* iPhoneOptimizerApp.swift in Sources */ = {isa = PBXBuildFile; fileRef = AA0000000000000000000011 /* iPhoneOptimizerApp.swift */; };
		AA0000000000000000000002 /* ContentView.swift in Sources */ = {isa = PBXBuildFile; fileRef = AA0000000000000000000012 /* ContentView.swift */; };
/* End PBXBuildFile section */

/* Begin PBXFileReference section */
		AA0000000000000000000010 /* iPhoneOptimizer.app */ = {isa = PBXFileReference; explicitFileType = wrapper.application; includeInIndex = 0; path = iPhoneOptimizer.app; sourceTree = BUILT_PRODUCTS_DIR; };
		AA0000000000000000000011 /* iPhoneOptimizerApp.swift */ = {isa = PBXFileReference; lastKnownFileType = sourcecode.swift; path = iPhoneOptimizerApp.swift; sourceTree = "<group>"; };
		AA0000000000000000000012 /* ContentView.swift */ = {isa = PBXFileReference; lastKnownFileType = sourcecode.swift; path = ContentView.swift; sourceTree = "<group>"; };
/* End PBXFileReference section */

/* Begin PBXFrameworksBuildPhase section */
		AA0000000000000000000021 /* Frameworks */ = {isa = PBXFrameworksBuildPhase; buildActionMask = 2147483647; files = (); runOnlyForDeploymentPostprocessing = 0; };
/* End PBXFrameworksBuildPhase section */

/* Begin PBXGroup section */
		AA0000000000000000000030 = {
			isa = PBXGroup;
			children = (
				AA0000000000000000000031 /* iPhoneOptimizer */,
				AA0000000000000000000032 /* Products */,
			);
			sourceTree = "<group>";
		};
		AA0000000000000000000031 /* iPhoneOptimizer */ = {
			isa = PBXGroup;
			children = (
				AA0000000000000000000011 /* iPhoneOptimizerApp.swift */,
				AA0000000000000000000012 /* ContentView.swift */,
			);
			path = iPhoneOptimizer;
			sourceTree = "<group>";
		};
		AA0000000000000000000032 /* Products */ = {
			isa = PBXGroup;
			children = (AA0000000000000000000010 /* iPhoneOptimizer.app */);
			name = Products;
			sourceTree = "<group>";
		};
/* End PBXGroup section */

/* Begin PBXNativeTarget section */
		AA0000000000000000000040 /* iPhoneOptimizer */ = {
			isa = PBXNativeTarget;
			buildConfigurationList = AA0000000000000000000060 /* Build configuration list for target */;
			buildPhases = (
				AA0000000000000000000022 /* Sources */,
				AA0000000000000000000021 /* Frameworks */,
				AA0000000000000000000023 /* Resources */,
			);
			dependencies = ();
			name = iPhoneOptimizer;
			productName = iPhoneOptimizer;
			productReference = AA0000000000000000000010 /* iPhoneOptimizer.app */;
			productType = "com.apple.product-type.application";
		};
/* End PBXNativeTarget section */

/* Begin PBXProject section */
		AA0000000000000000000050 /* Project object */ = {
			isa = PBXProject;
			attributes = { LastUpgradeCheck = 1600; };
			buildConfigurationList = AA0000000000000000000061 /* Build configuration list for project */;
			compatibilityVersion = "Xcode 14.0";
			developmentRegion = en;
			hasScannedForEncodings = 0;
			knownRegions = (en);
			mainGroup = AA0000000000000000000030;
			productRefGroup = AA0000000000000000000032 /* Products */;
			projectDirPath = "";
			projectRoot = "";
			targets = (AA0000000000000000000040 /* iPhoneOptimizer */);
		};
/* End PBXProject section */

/* Begin PBXResourcesBuildPhase section */
		AA0000000000000000000023 /* Resources */ = {isa = PBXResourcesBuildPhase; buildActionMask = 2147483647; files = (); runOnlyForDeploymentPostprocessing = 0; };
/* End PBXResourcesBuildPhase section */

/* Begin PBXSourcesBuildPhase section */
		AA0000000000000000000022 /* Sources */ = {
			isa = PBXSourcesBuildPhase;
			buildActionMask = 2147483647;
			files = (
				AA0000000000000000000001 /* iPhoneOptimizerApp.swift in Sources */,
				AA0000000000000000000002 /* ContentView.swift in Sources */,
			);
			runOnlyForDeploymentPostprocessing = 0;
		};
/* End PBXSourcesBuildPhase section */

/* Begin XCBuildConfiguration section */
		AA0000000000000000000070 /* Debug */ = {
			isa = XCBuildConfiguration;
			buildSettings = {
				PRODUCT_BUNDLE_IDENTIFIER = com.example.iPhoneOptimizer;
				SWIFT_VERSION = 5.0;
				IPHONEOS_DEPLOYMENT_TARGET = 17.0;
				GENERATE_INFOPLIST_FILE = YES;
			};
			name = Debug;
		};
		AA0000000000000000000071 /* Release */ = {
			isa = XCBuildConfiguration;
			buildSettings = {
				PRODUCT_BUNDLE_IDENTIFIER = com.example.iPhoneOptimizer;
				SWIFT_VERSION = 5.0;
				IPHONEOS_DEPLOYMENT_TARGET = 17.0;
				GENERATE_INFOPLIST_FILE = YES;
			};
			name = Release;
		};
/* End XCBuildConfiguration section */

/* Begin XCConfigurationList section */
		AA0000000000000000000060 /* Build configuration list for target */ = {
			isa = XCConfigurationList;
			buildConfigurations = (AA0000000000000000000070 /* Debug */, AA0000000000000000000071 /* Release */);
			defaultConfigurationIsVisible = 0;
			defaultConfigurationName = Release;
		};
		AA0000000000000000000061 /* Build configuration list for project */ = {
			isa = XCConfigurationList;
			buildConfigurations = (AA0000000000000000000070 /* Debug */, AA0000000000000000000071 /* Release */);
			defaultConfigurationIsVisible = 0;
			defaultConfigurationName = Release;
		};
/* End XCConfigurationList section */
	};
	rootObject = AA0000000000000000000050 /* Project object */;
}
